
Microsoft Visual Studio Solution File, Format Version 12.00
# Visual Studio Version 17
VisualStudioVersion = 17.10.35122.118
MinimumVisualStudioVersion = 10.0.40219.1
Project("{9A19103F-16F7-4668-BE54-9A1E7A4F7556}") = "DotVast.Hashing", "DotVast.Hashing\DotVast.Hashing.csproj", "{D118B259-24F0-440A-9D24-2C3D50954BE8}"
EndProject
Project("{9A19103F-16F7-4668-BE54-9A1E7A4F7556}") = "DotVast.Hashing.Sample", "DotVast.Hashing.Sample\DotVast.Hashing.Sample.csproj", "{0CB22158-B67A-460D-847E-4750D4BC3E4A}"
EndProject
Project("{FAE04EC0-301F-11D3-BF4B-00C04F79EFBC}") = "DotVast.Hashing.Tests", "DotVast.Hashing.Tests\DotVast.Hashing.Tests.csproj", "{2E3090DA-6F87-41AA-828D-DD2F81BD841D}"
EndProject
Global
	GlobalSection(SolutionConfigurationPlatforms) = preSolution
		Debug|Any CPU = Debug|Any CPU
		Debug|arm64 = Debug|arm64
		Debug|x64 = Debug|x64
		Release|Any CPU = Release|Any CPU
		Release|arm64 = Release|arm64
		Release|x64 = Release|x64
	EndGlobalSection
	GlobalSection(ProjectConfigurationPlatforms) = postSolution
		{D118B259-24F0-440A-9D24-2C3D50954BE8}.Debug|Any CPU.ActiveCfg = Debug|Any CPU
		{D118B259-24F0-440A-9D24-2C3D50954BE8}.Debug|Any CPU.Build.0 = Debug|Any CPU
		{D118B259-24F0-440A-9D24-2C3D50954BE8}.Debug|arm64.ActiveCfg = Debug|Any CPU
		{D118B259-24F0-440A-9D24-2C3D50954BE8}.Debug|arm64.Build.0 = Debug|Any CPU
		{D118B259-24F0-440A-9D24-2C3D50954BE8}.Debug|x64.ActiveCfg = Debug|Any CPU
		{D118B259-24F0-440A-9D24-2C3D50954BE8}.Debug|x64.Build.0 = Debug|Any CPU
		{D118B259-24F0-440A-9D24-2C3D50954BE8}.Release|Any CPU.ActiveCfg = Release|Any CPU
		{D118B259-24F0-440A-9D24-2C3D50954BE8}.Release|Any CPU.Build.0 = Release|Any CPU
		{D118B259-24F0-440A-9D24-2C3D50954BE8}.Release|arm64.ActiveCfg = Release|Any CPU
		{D118B259-24F0-440A-9D24-2C3D50954BE8}.Release|arm64.Build.0 = Release|Any CPU
		{D118B259-24F0-440A-9D24-2C3D50954BE8}.Release|x64.ActiveCfg = Release|Any CPU
		{D118B259-24F0-440A-9D24-2C3D50954BE8}.Release|x64.Build.0 = Release|Any CPU
		{0CB22158-B67A-460D-847E-4750D4BC3E4A}.Debug|Any CPU.ActiveCfg = Debug|Any CPU
		{0CB22158-B67A-460D-847E-4750D4BC3E4A}.Debug|Any CPU.Build.0 = Debug|Any CPU
		{0CB22158-B67A-460D-847E-4750D4BC3E4A}.Debug|arm64.ActiveCfg = Debug|Any CPU
		{0CB22158-B67A-460D-847E-4750D4BC3E4A}.Debug|arm64.Build.0 = Debug|Any CPU
		{0CB22158-B67A-460D-847E-4750D4BC3E4A}.Debug|x64.ActiveCfg = Debug|Any CPU
		{0CB22158-B67A-460D-847E-4750D4BC3E4A}.Debug|x64.Build.0 = Debug|Any CPU
		{0CB22158-B67A-460D-847E-4750D4BC3E4A}.Release|Any CPU.ActiveCfg = Release|Any CPU
		{0CB22158-B67A-460D-847E-4750D4BC3E4A}.Release|Any CPU.Build.0 = Release|Any CPU
		{0CB22158-B67A-460D-847E-4750D4BC3E4A}.Release|arm64.ActiveCfg = Release|Any CPU
		{0CB22158-B67A-460D-847E-4750D4BC3E4A}.Release|arm64.Build.0 = Release|Any CPU
		{0CB22158-B67A-460D-847E-4750D4BC3E4A}.Release|x64.ActiveCfg = Release|Any CPU
		{0CB22158-B67A-460D-847E-4750D4BC3E4A}.Release|x64.Build.0 = Release|Any CPU
		{2E3090DA-6F87-41AA-828D-DD2F81BD841D}.Debug|Any CPU.ActiveCfg = Debug|Any CPU
		{2E3090DA-6F87-41AA-828D-DD2F81BD841D}.Debug|Any CPU.Build.0 = Debug|Any CPU
		{2E3090DA-6F87-41AA-828D-DD2F81BD841D}.Debug|arm64.ActiveCfg = Debug|Any CPU
		{2E3090DA-6F87-41AA-828D-DD2F81BD841D}.Debug|arm64.Build.0 = Debug|Any CPU
		{2E3090DA-6F87-41AA-828D-DD2F81BD841D}.Debug|x64.ActiveCfg = Debug|Any CPU
		{2E3090DA-6F87-41AA-828D-DD2F81BD841D}.Debug|x64.Build.0 = Debug|Any CPU
		{2E3090DA-6F87-41AA-828D-DD2F81BD841D}.Release|Any CPU.ActiveCfg = Release|Any CPU
		{2E3090DA-6F87-41AA-828D-DD2F81BD841D}.Release|Any CPU.Build.0 = Release|Any CPU
		{2E3090DA-6F87-41AA-828D-DD2F81BD841D}.Release|arm64.ActiveCfg = Release|Any CPU
		{2E3090DA-6F87-41AA-828D-DD2F81BD841D}.Release|arm64.Build.0 = Release|Any CPU
		{2E3090DA-6F87-41AA-828D-DD2F81BD841D}.Release|x64.ActiveCfg = Release|Any CPU
		{2E3090DA-6F87-41AA-828D-DD2F81BD841D}.Release|x64.Build.0 = Release|Any CPU
	EndGlobalSection
	GlobalSection(SolutionProperties) = preSolution
		HideSolutionNode = FALSE
	EndGlobalSection
	GlobalSection(ExtensibilityGlobals) = postSolution
		SolutionGuid = {B566F199-E304-49A3-963E-9E84068BDCA4}
	EndGlobalSection
EndGlobal
